# THIS IS AN AUTOGENERATED FILE. DO NOT EDIT THIS FILE DIRECTLY.
# yarn lockfile v1


natlib@^0.1.4:
  version "0.1.4"
  resolved "https://registry.yarnpkg.com/natlib/-/natlib-0.1.4.tgz#f2808f81305c12e6ed25a4fef5600e7bdc50cffa"
  integrity sha512-tV8ELKKnEfadJwUQRQQUgfyPOPyiNdNa2YYDl5lH12xvJ8Ef0gwp67njfQOvzIO4Cyk3bZjC4TPVDQ3Eiuttmg==
